
Microsoft Visual Studio Solution File, Format Version 12.00
# Visual Studio Version 17
VisualStudioVersion = 17.0.31903.59
MinimumVisualStudioVersion = 10.0.40219.1
Project("{2150E333-8FDC-42A3-9474-1A3956D46DE8}") = "Solution Items", "Solution Items", "{6C1BC63D-43B9-42D7-96E2-C0AD5840D8F5}"
	ProjectSection(SolutionItems) = preProject
		.gitattributes = .gitattributes
		.gitignore = .gitignore
		NuGet.config = NuGet.config
		README.md = README.md
	EndProjectSection
EndProject
Project("{2150E333-8FDC-42A3-9474-1A3956D46DE8}") = "Src", "Src", "{2803B780-7AD4-4042-9A94-7073F7F69B0F}"
EndProject
Project("{2150E333-8FDC-42A3-9474-1A3956D46DE8}") = "Infrastructure", "Infrastructure", "{392995CF-2EEE-4418-81F8-F4DE0AD8355A}"
EndProject
Project("{9A19103F-16F7-4668-BE54-9A1E7A4F7556}") = "GSNet.Common", "src\GSNet.Common\GSNet.Common.csproj", "{217E53BF-BD36-4BDB-B2D8-B3F5800EB22F}"
EndProject
Project("{9A19103F-16F7-4668-BE54-9A1E7A4F7556}") = "GSNet.Json", "src\GSNet.Json\GSNet.Json.csproj", "{28A8A37C-3084-49DB-963C-46FB9E225910}"
EndProject
Project("{9A19103F-16F7-4668-BE54-9A1E7A4F7556}") = "GSNet.Json.NewtonsoftJson", "src\GSNet.Json.NewtonsoftJson\GSNet.Json.NewtonsoftJson.csproj", "{B7103900-3C4D-42CC-BA48-06A774937338}"
EndProject
Project("{2150E333-8FDC-42A3-9474-1A3956D46DE8}") = "Test", "Test", "{F2CC88DF-51B4-4663-94F4-286B8B8E0166}"
EndProject
Project("{9A19103F-16F7-4668-BE54-9A1E7A4F7556}") = "GSNet.Json.Tests", "test\GSNet.Json.Tests\GSNet.Json.Tests.csproj", "{60297681-F3AB-44B6-88A8-8275BB897E8A}"
EndProject
Project("{9A19103F-16F7-4668-BE54-9A1E7A4F7556}") = "GSNet.Json.NewtonsoftJson.Tests", "test\GSNet.Json.NewtonsoftJson.Tests\GSNet.Json.NewtonsoftJson.Tests.csproj", "{842CCAC0-D0F0-4287-A335-DB526FBFE392}"
EndProject
Project("{2150E333-8FDC-42A3-9474-1A3956D46DE8}") = "Domain", "Domain", "{34DD0D9B-A920-4316-8784-AFF51671017A}"
EndProject
Project("{9A19103F-16F7-4668-BE54-9A1E7A4F7556}") = "GSNet.Domain", "src\GSNet.Domain\GSNet.Domain.csproj", "{CB1D3EDC-E49E-4D1C-BD45-252838787ACE}"
EndProject
Project("{FAE04EC0-301F-11D3-BF4B-00C04F79EFBC}") = "GSNet.RateLimiter", "src\GSNet.RateLimiter\GSNet.RateLimiter.csproj", "{3ED688CC-2424-4764-B301-6F5DDA2A78B3}"
EndProject
Project("{FAE04EC0-301F-11D3-BF4B-00C04F79EFBC}") = "GSNet.RateLimiter.Redis", "src\GSNet.RateLimiter.Redis\GSNet.RateLimiter.Redis.csproj", "{A19A54E2-8081-486C-A22C-05C6D12246EF}"
EndProject
Project("{FAE04EC0-301F-11D3-BF4B-00C04F79EFBC}") = "GSNet.Redis.StackExchange", "src\GSNet.Redis.StackExchange\GSNet.Redis.StackExchange.csproj", "{C590F4C3-A3B9-41F1-A4F0-F9DED7A2B811}"
EndProject
Global
	GlobalSection(SolutionConfigurationPlatforms) = preSolution
		Debug|Any CPU = Debug|Any CPU
		Release|Any CPU = Release|Any CPU
	EndGlobalSection
	GlobalSection(ProjectConfigurationPlatforms) = postSolution
		{217E53BF-BD36-4BDB-B2D8-B3F5800EB22F}.Debug|Any CPU.ActiveCfg = Debug|Any CPU
		{217E53BF-BD36-4BDB-B2D8-B3F5800EB22F}.Debug|Any CPU.Build.0 = Debug|Any CPU
		{217E53BF-BD36-4BDB-B2D8-B3F5800EB22F}.Release|Any CPU.ActiveCfg = Release|Any CPU
		{217E53BF-BD36-4BDB-B2D8-B3F5800EB22F}.Release|Any CPU.Build.0 = Release|Any CPU
		{28A8A37C-3084-49DB-963C-46FB9E225910}.Debug|Any CPU.ActiveCfg = Debug|Any CPU
		{28A8A37C-3084-49DB-963C-46FB9E225910}.Debug|Any CPU.Build.0 = Debug|Any CPU
		{28A8A37C-3084-49DB-963C-46FB9E225910}.Release|Any CPU.ActiveCfg = Release|Any CPU
		{28A8A37C-3084-49DB-963C-46FB9E225910}.Release|Any CPU.Build.0 = Release|Any CPU
		{B7103900-3C4D-42CC-BA48-06A774937338}.Debug|Any CPU.ActiveCfg = Debug|Any CPU
		{B7103900-3C4D-42CC-BA48-06A774937338}.Debug|Any CPU.Build.0 = Debug|Any CPU
		{B7103900-3C4D-42CC-BA48-06A774937338}.Release|Any CPU.ActiveCfg = Release|Any CPU
		{B7103900-3C4D-42CC-BA48-06A774937338}.Release|Any CPU.Build.0 = Release|Any CPU
		{60297681-F3AB-44B6-88A8-8275BB897E8A}.Debug|Any CPU.ActiveCfg = Debug|Any CPU
		{60297681-F3AB-44B6-88A8-8275BB897E8A}.Debug|Any CPU.Build.0 = Debug|Any CPU
		{60297681-F3AB-44B6-88A8-8275BB897E8A}.Release|Any CPU.ActiveCfg = Release|Any CPU
		{60297681-F3AB-44B6-88A8-8275BB897E8A}.Release|Any CPU.Build.0 = Release|Any CPU
		{842CCAC0-D0F0-4287-A335-DB526FBFE392}.Debug|Any CPU.ActiveCfg = Debug|Any CPU
		{842CCAC0-D0F0-4287-A335-DB526FBFE392}.Debug|Any CPU.Build.0 = Debug|Any CPU
		{842CCAC0-D0F0-4287-A335-DB526FBFE392}.Release|Any CPU.ActiveCfg = Release|Any CPU
		{842CCAC0-D0F0-4287-A335-DB526FBFE392}.Release|Any CPU.Build.0 = Release|Any CPU
		{CB1D3EDC-E49E-4D1C-BD45-252838787ACE}.Debug|Any CPU.ActiveCfg = Debug|Any CPU
		{CB1D3EDC-E49E-4D1C-BD45-252838787ACE}.Debug|Any CPU.Build.0 = Debug|Any CPU
		{CB1D3EDC-E49E-4D1C-BD45-252838787ACE}.Release|Any CPU.ActiveCfg = Release|Any CPU
		{CB1D3EDC-E49E-4D1C-BD45-252838787ACE}.Release|Any CPU.Build.0 = Release|Any CPU
		{3ED688CC-2424-4764-B301-6F5DDA2A78B3}.Debug|Any CPU.ActiveCfg = Debug|Any CPU
		{3ED688CC-2424-4764-B301-6F5DDA2A78B3}.Debug|Any CPU.Build.0 = Debug|Any CPU
		{3ED688CC-2424-4764-B301-6F5DDA2A78B3}.Release|Any CPU.ActiveCfg = Release|Any CPU
		{3ED688CC-2424-4764-B301-6F5DDA2A78B3}.Release|Any CPU.Build.0 = Release|Any CPU
		{A19A54E2-8081-486C-A22C-05C6D12246EF}.Debug|Any CPU.ActiveCfg = Debug|Any CPU
		{A19A54E2-8081-486C-A22C-05C6D12246EF}.Debug|Any CPU.Build.0 = Debug|Any CPU
		{A19A54E2-8081-486C-A22C-05C6D12246EF}.Release|Any CPU.ActiveCfg = Release|Any CPU
		{A19A54E2-8081-486C-A22C-05C6D12246EF}.Release|Any CPU.Build.0 = Release|Any CPU
		{C590F4C3-A3B9-41F1-A4F0-F9DED7A2B811}.Debug|Any CPU.ActiveCfg = Debug|Any CPU
		{C590F4C3-A3B9-41F1-A4F0-F9DED7A2B811}.Debug|Any CPU.Build.0 = Debug|Any CPU
		{C590F4C3-A3B9-41F1-A4F0-F9DED7A2B811}.Release|Any CPU.ActiveCfg = Release|Any CPU
		{C590F4C3-A3B9-41F1-A4F0-F9DED7A2B811}.Release|Any CPU.Build.0 = Release|Any CPU
	EndGlobalSection
	GlobalSection(SolutionProperties) = preSolution
		HideSolutionNode = FALSE
	EndGlobalSection
	GlobalSection(NestedProjects) = preSolution
		{392995CF-2EEE-4418-81F8-F4DE0AD8355A} = {2803B780-7AD4-4042-9A94-7073F7F69B0F}
		{217E53BF-BD36-4BDB-B2D8-B3F5800EB22F} = {392995CF-2EEE-4418-81F8-F4DE0AD8355A}
		{28A8A37C-3084-49DB-963C-46FB9E225910} = {392995CF-2EEE-4418-81F8-F4DE0AD8355A}
		{B7103900-3C4D-42CC-BA48-06A774937338} = {392995CF-2EEE-4418-81F8-F4DE0AD8355A}
		{60297681-F3AB-44B6-88A8-8275BB897E8A} = {F2CC88DF-51B4-4663-94F4-286B8B8E0166}
		{842CCAC0-D0F0-4287-A335-DB526FBFE392} = {F2CC88DF-51B4-4663-94F4-286B8B8E0166}
		{34DD0D9B-A920-4316-8784-AFF51671017A} = {2803B780-7AD4-4042-9A94-7073F7F69B0F}
		{CB1D3EDC-E49E-4D1C-BD45-252838787ACE} = {34DD0D9B-A920-4316-8784-AFF51671017A}
		{3ED688CC-2424-4764-B301-6F5DDA2A78B3} = {392995CF-2EEE-4418-81F8-F4DE0AD8355A}
		{A19A54E2-8081-486C-A22C-05C6D12246EF} = {392995CF-2EEE-4418-81F8-F4DE0AD8355A}
		{C590F4C3-A3B9-41F1-A4F0-F9DED7A2B811} = {392995CF-2EEE-4418-81F8-F4DE0AD8355A}
	EndGlobalSection
	GlobalSection(ExtensibilityGlobals) = postSolution
		SolutionGuid = {E2660B47-D99F-4A5A-B728-EDFDD7E934F5}
	EndGlobalSection
EndGlobal
